# THIS IS AN AUTOGENERATED FILE. DO NOT EDIT THIS FILE DIRECTLY.
# yarn lockfile v1


gaussian@^1.2.0:
  version "1.2.0"
  resolved "https://registry.yarnpkg.com/gaussian/-/gaussian-1.2.0.tgz#5b081744008c1b0a8eb510da695ed7328fb8913a"
  integrity sha512-Pz/InFmDZ6VqCbXF+2+O6USIbPUPWhJ7DnqrZKfo9mMHszCd4pBad3WCVa9ruzzrBizYonsv0ZBmuv4rR8NRQg==

lodash.delay@^4.1.1:
  version "4.1.1"
  resolved "https://registry.yarnpkg.com/lodash.delay/-/lodash.delay-4.1.1.tgz#8a3b424988252ab912356d8e3ce93eb172d9f231"
  integrity sha512-HDMACn/aGuz6PNBbzf2V9FKL/Rb2Vv+hSEvicdZA4JAT5o5m0rbQn4Xw62VdTzG2HRu74PInzku98fz8GQlNJg==
